
Microsoft Visual Studio Solution File, Format Version 12.00
# Visual Studio Version 16
VisualStudioVersion = 16.0.29926.136
MinimumVisualStudioVersion = 10.0.40219.1
Project("{FAE04EC0-301F-11D3-BF4B-00C04F79EFBC}") = "ContosoUniversity.Data", "ContosoUniversity.Data\ContosoUniversity.Data.csproj", "{A808C65C-561F-4F6E-98CE-38132A8C0482}"
EndProject
Project("{FAE04EC0-301F-11D3-BF4B-00C04F79EFBC}") = "ContosoUniversity.Service", "ContosoUniversity.Service\ContosoUniversity.Service.csproj", "{070C5F4A-0A88-414B-9346-807EBC053061}"
EndProject
Project("{FAE04EC0-301F-11D3-BF4B-00C04F79EFBC}") = "ContosoUniversity.WebAPi", "ContosoUniversity.WebAPi\ContosoUniversity.WebAPi.csproj", "{FD01FE53-04C2-4B2D-BF18-135C3F9A3D68}"
EndProject
Project("{FAE04EC0-301F-11D3-BF4B-00C04F79EFBC}") = "ContosoUniversity.Model", "ContosoUniversity.Model\ContosoUniversity.Model.csproj", "{D3FDE28E-4E77-4C05-BFB1-8DC04E14BB71}"
EndProject
Project("{FAE04EC0-301F-11D3-BF4B-00C04F79EFBC}") = "ContosoUniversity", "ContosoUniversity\ContosoUniversity.csproj", "{A6B0BF4C-95E2-430F-8067-C7C462E03252}"
EndProject
Global
	GlobalSection(SolutionConfigurationPlatforms) = preSolution
		Debug|Any CPU = Debug|Any CPU
		Release|Any CPU = Release|Any CPU
	EndGlobalSection
	GlobalSection(ProjectConfigurationPlatforms) = postSolution
		{A808C65C-561F-4F6E-98CE-38132A8C0482}.Debug|Any CPU.ActiveCfg = Debug|Any CPU
		{A808C65C-561F-4F6E-98CE-38132A8C0482}.Debug|Any CPU.Build.0 = Debug|Any CPU
		{A808C65C-561F-4F6E-98CE-38132A8C0482}.Release|Any CPU.ActiveCfg = Release|Any CPU
		{A808C65C-561F-4F6E-98CE-38132A8C0482}.Release|Any CPU.Build.0 = Release|Any CPU
		{070C5F4A-0A88-414B-9346-807EBC053061}.Debug|Any CPU.ActiveCfg = Debug|Any CPU
		{070C5F4A-0A88-414B-9346-807EBC053061}.Debug|Any CPU.Build.0 = Debug|Any CPU
		{070C5F4A-0A88-414B-9346-807EBC053061}.Release|Any CPU.ActiveCfg = Release|Any CPU
		{070C5F4A-0A88-414B-9346-807EBC053061}.Release|Any CPU.Build.0 = Release|Any CPU
		{FD01FE53-04C2-4B2D-BF18-135C3F9A3D68}.Debug|Any CPU.ActiveCfg = Debug|Any CPU
		{FD01FE53-04C2-4B2D-BF18-135C3F9A3D68}.Debug|Any CPU.Build.0 = Debug|Any CPU
		{FD01FE53-04C2-4B2D-BF18-135C3F9A3D68}.Release|Any CPU.ActiveCfg = Release|Any CPU
		{FD01FE53-04C2-4B2D-BF18-135C3F9A3D68}.Release|Any CPU.Build.0 = Release|Any CPU
		{D3FDE28E-4E77-4C05-BFB1-8DC04E14BB71}.Debug|Any CPU.ActiveCfg = Debug|Any CPU
		{D3FDE28E-4E77-4C05-BFB1-8DC04E14BB71}.Debug|Any CPU.Build.0 = Debug|Any CPU
		{D3FDE28E-4E77-4C05-BFB1-8DC04E14BB71}.Release|Any CPU.ActiveCfg = Release|Any CPU
		{D3FDE28E-4E77-4C05-BFB1-8DC04E14BB71}.Release|Any CPU.Build.0 = Release|Any CPU
		{A6B0BF4C-95E2-430F-8067-C7C462E03252}.Debug|Any CPU.ActiveCfg = Debug|Any CPU
		{A6B0BF4C-95E2-430F-8067-C7C462E03252}.Debug|Any CPU.Build.0 = Debug|Any CPU
		{A6B0BF4C-95E2-430F-8067-C7C462E03252}.Release|Any CPU.ActiveCfg = Release|Any CPU
		{A6B0BF4C-95E2-430F-8067-C7C462E03252}.Release|Any CPU.Build.0 = Release|Any CPU
	EndGlobalSection
	GlobalSection(SolutionProperties) = preSolution
		HideSolutionNode = FALSE
	EndGlobalSection
	GlobalSection(ExtensibilityGlobals) = postSolution
		SolutionGuid = {F6598C87-DAD7-4B87-B15D-046A55E1E032}
	EndGlobalSection
EndGlobal
